// !$*UTF8*$!
{
	archiveVersion = 1;
	classes = {
	};
	objectVersion = 56;
	objects = {

		AA000001 = {isa = PBXBuildFile; fileRef = AA000002; };
		AA000012 = {isa = PBXBuildFile; fileRef = AA000013; };

		AA000002 = {
			isa = PBXFileReference;
			lastKnownFileType = sourcecode.swift;
			name = FlareUAApp.swift;
			path = FlareUAApp.swift;
			sourceTree = "<group>";
		};

		AA000020 = {
			isa = PBXFileReference;
			lastKnownFileType = folder.assetcatalog;
			name = Assets.xcassets;
			path = Assets.xcassets;
			sourceTree = "<group>";
		};

		AA000021 = {isa = PBXBuildFile; fileRef = AA000020; };

		AA000013 = {
			isa = PBXFileReference;
			lastKnownFileType = text.plist.xml;
			name = Info.plist;
			path = Info.plist;
			sourceTree = "<group>";
		};

		AA000003 = {
			isa = PBXGroup;
			children = (AA000002, AA000013, AA000020,);
			name = FlareUA;
			sourceTree = "<group>";
		};

		AA000004 = {
			isa = PBXGroup;
			children = (AA000003,);
			sourceTree = "<group>";
		};

		AA000005 = {
			isa = PBXSourcesBuildPhase;
			buildActionMask = 2147483647;
			files = (AA000001,);
			runOnlyForDeploymentPostprocessing = 0;
		};

		AA000022 = {
			isa = PBXResourcesBuildPhase;
			buildActionMask = 2147483647;
			files = (AA000021,);
			runOnlyForDeploymentPostprocessing = 0;
		};

		AA000006 = {
			isa = PBXNativeTarget;
			buildConfigurationList = AA000008;
			buildPhases = (AA000005, AA000022,);
			name = FlareUA;
			productName = FlareUA;
			productType = "com.apple.product-type.application";
		};

		AA000007 = {
			isa = PBXProject;
			buildConfigurationList = AA000009;
			compatibilityVersion = "Xcode 14.0";
			mainGroup = AA000004;
			targets = (AA000006,);
		};

		AA000008 = {
			isa = XCConfigurationList;
			buildConfigurations = (AA000010,);
			defaultConfigurationName = Release;
		};

		AA000009 = {
			isa = XCConfigurationList;
			buildConfigurations = (AA000011,);
			defaultConfigurationName = Release;
		};

		AA000010 = {
			isa = XCBuildConfiguration;
			buildSettings = {
				ASSETCATALOG_COMPILER_APPICON_NAME = AppIcon;
				BUNDLE_IDENTIFIER = "com.flareua.app";
				CURRENT_PROJECT_VERSION = 1;
				INFOPLIST_FILE = Info.plist;
				IPHONEOS_DEPLOYMENT_TARGET = 16.0;
				MARKETING_VERSION = "1.0.0";
				PRODUCT_NAME = FlareUA;
				SDKROOT = iphoneos;
				SWIFT_VERSION = 5.0;
				CODE_SIGN_IDENTITY = "";
				CODE_SIGNING_REQUIRED = NO;
				CODE_SIGNING_ALLOWED = NO;
				TARGETED_DEVICE_FAMILY = "1,2";
			};
			name = Release;
		};

		AA000011 = {
			isa = XCBuildConfiguration;
			buildSettings = {
			};
			name = Release;
		};

	};
	rootObject = AA000007;
}
